{
  "version": 4,
  "terraform_version": "0.14.2",
  "serial": 16,
  "lineage": "bd6e59ee-78c3-394b-e429-c87c25a2096a",
  "outputs": {
    "project_id": {
      "value": "rancher-project-309022",
      "type": "string"
    },
    "rancher_cluster_address": {
      "value": "35.233.237.231",
      "type": "string"
    },
    "region": {
      "value": "us-west1",
      "type": "string"
    }
  },
  "resources": [
    {
      "module": "module.gke_cluster",
      "mode": "managed",
      "type": "google_container_cluster",
      "name": "primary",
      "provider": "provider[\"registry.terraform.io/hashicorp/google\"]",
      "instances": [
        {
          "schema_version": 1,
          "attributes": {
            "addons_config": [
              {
                "cloudrun_config": [],
                "horizontal_pod_autoscaling": [],
                "http_load_balancing": [],
                "network_policy_config": [
                  {
                    "disabled": true
                  }
                ]
              }
            ],
            "authenticator_groups_config": [],
            "cluster_autoscaling": [
              {
                "auto_provisioning_defaults": [],
                "enabled": false,
                "resource_limits": []
              }
            ],
            "cluster_ipv4_cidr": "10.132.0.0/14",
            "database_encryption": [
              {
                "key_name": "",
                "state": "DECRYPTED"
              }
            ],
            "datapath_provider": "",
            "default_max_pods_per_node": null,
            "default_snat_status": [
              {
                "disabled": false
              }
            ],
            "description": "",
            "enable_autopilot": false,
            "enable_binary_authorization": false,
            "enable_intranode_visibility": false,
            "enable_kubernetes_alpha": false,
            "enable_legacy_abac": false,
            "enable_shielded_nodes": true,
            "enable_tpu": false,
            "endpoint": "35.185.193.208",
            "id": "projects/rancher-project-309022/locations/us-west1/clusters/rancher-project-309022-gke",
            "initial_node_count": 1,
            "instance_group_urls": [
              "https://www.googleapis.com/compute/v1/projects/rancher-project-309022/zones/us-west1-b/instanceGroups/gke-rancher-project--rancher-project--b7e14e0a-grp",
              "https://www.googleapis.com/compute/v1/projects/rancher-project-309022/zones/us-west1-c/instanceGroups/gke-rancher-project--rancher-project--fe4a3b6a-grp",
              "https://www.googleapis.com/compute/v1/projects/rancher-project-309022/zones/us-west1-a/instanceGroups/gke-rancher-project--rancher-project--a4ad453e-grp"
            ],
            "ip_allocation_policy": [],
            "label_fingerprint": "a9dc16a7",
            "location": "us-west1",
            "logging_service": "logging.googleapis.com/kubernetes",
            "maintenance_policy": [],
            "master_auth": [
              {
                "client_certificate": "",
                "client_certificate_config": [
                  {
                    "issue_client_certificate": false
                  }
                ],
                "client_key": "",
                "cluster_ca_certificate": "LS0tLS1CRUdJTiBDRVJUSUZJQ0FURS0tLS0tCk1JSURLakNDQWhLZ0F3SUJBZ0lRSXVOZWVmMHJjS0x3clA3QittYys0REFOQmdrcWhraUc5dzBCQVFzRkFEQXYKTVMwd0t3WURWUVFERXlSaE1EbGxPRFEwWlMwd05qSmtMVFF3WWpZdE9XTmpNQzAwWlROaFl6aG1OVFU0Wm1FdwpIaGNOTWpFd05ERTRNakEwTnpVd1doY05Nall3TkRFM01qRTBOelV3V2pBdk1TMHdLd1lEVlFRREV5UmhNRGxsCk9EUTBaUzB3TmpKa0xUUXdZall0T1dOak1DMDBaVE5oWXpobU5UVTRabUV3Z2dFaU1BMEdDU3FHU0liM0RRRUIKQVFVQUE0SUJEd0F3Z2dFS0FvSUJBUURZQ0JvcDUrS0VYM3J0RVJXbU1Tdm1QRHZ5SWtIUUtTa3lVTHZrbG82ZgprQjJKRmZSbkcvemovaHBGZ2doak5veElEQmtoZXBMWk9vWS9obFNhakd2UFl3UGR3aGErbUkzeVFETVJHWG9qCk1ubDhaYUhNR0drdUNFa2xNcEt0K09PTHdPUlpzNHNNTmx2WkRwbGNENmQvNUN5SWdGbENZcGZ6QU1GdmFRQjUKanJ5VjRVNEpUWmh4cUxEdUFiL2RYNndtMEFtdmYyU0JIQnkvZkgxdVdzRG5vQ0pSaXVZNHZ5cGIwNTVWc0dVNgp2Q0dkSktaSFlKZkx4Nnppa3ZIa3pHRDRncGgzK0lHM1gzdllDRVRYeUw1NWx1N3dOSmFmMnZDcjFYSUtpMVNPCnRwTnQ1d2xlVGlzZ2FTdER0M0pONHZXdmxKcEszeU53Q28xNDMrL0lXc1M5QWdNQkFBR2pRakJBTUE0R0ExVWQKRHdFQi93UUVBd0lDQkRBUEJnTlZIUk1CQWY4RUJUQURBUUgvTUIwR0ExVWREZ1FXQkJTd3U3QURpbUpXd0R1TQpQYkFLd29nWTNuTVMvREFOQmdrcWhraUc5dzBCQVFzRkFBT0NBUUVBbkhOalVGTThBMHFrS1RvaU9IWFE4bzNYCmhieGU0TW5hSmRrK1V2aVJzYjZBWmRyMTB0dWFYT2lZQnZSUGMrdWtnUUgvNElKeng0Smd0QnJEUHN2aGNhSkwKVE44aUgvMFBldmtXZ0xMTjd6akpoWFo0clFzejdGa0dzMFFvS0tsaFlDcjh3VEJQazNVVGFSVk9zTzRDUDlKNwpPM2dvOEc3WG1USEwreUJHMXlJMDduK1kvczB5bkkxQkV5Y0NvV0hKcUNNRS9LZzZaRUgyWi9zV3dNYkhxK0ZOClZEbkVxZGhGU2NYbWJ1OTc4czZiamg3MGthN0xKU0xkNlk1TmZEN3YwSGsybjYvNW9TMGQ3YXVxWUNIM3dUV0kKM3pSWlNIREs0RWlwTGg3ZHZCVzRrL2FNNTNVVERROVkxSU56R25hRFdBQTczM3JYclFNZnowZk1XOStGMWc9PQotLS0tLUVORCBDRVJUSUZJQ0FURS0tLS0tCg==",
                "password": "ubuntuubuntuubuntu",
                "username": "ubuntu"
              }
            ],
            "master_authorized_networks_config": [],
            "master_version": "1.18.16-gke.502",
            "min_master_version": null,
            "monitoring_service": "monitoring.googleapis.com/kubernetes",
            "name": "rancher-project-309022-gke",
            "network": "projects/rancher-project-309022/global/networks/rancher-project-309022-vpc",
            "network_policy": [
              {
                "enabled": false,
                "provider": "PROVIDER_UNSPECIFIED"
              }
            ],
            "networking_mode": "ROUTES",
            "node_config": [
              {
                "disk_size_gb": 100,
                "disk_type": "pd-standard",
                "guest_accelerator": [],
                "image_type": "COS",
                "labels": {
                  "env": "rancher-project-309022"
                },
                "local_ssd_count": 0,
                "machine_type": "n1-standard-1",
                "metadata": {
                  "disable-legacy-endpoints": "true"
                },
                "min_cpu_platform": "",
                "oauth_scopes": [
                  "https://www.googleapis.com/auth/logging.write",
                  "https://www.googleapis.com/auth/monitoring"
                ],
                "preemptible": false,
                "service_account": "default",
                "shielded_instance_config": [
                  {
                    "enable_integrity_monitoring": true,
                    "enable_secure_boot": false
                  }
                ],
                "tags": [
                  "gke-node",
                  "rancher-project-309022-gke"
                ],
                "taint": [],
                "workload_metadata_config": []
              }
            ],
            "node_locations": [
              "us-west1-a",
              "us-west1-b",
              "us-west1-c"
            ],
            "node_pool": [
              {
                "autoscaling": [],
                "initial_node_count": 1,
                "instance_group_urls": [
                  "https://www.googleapis.com/compute/v1/projects/rancher-project-309022/zones/us-west1-b/instanceGroupManagers/gke-rancher-project--rancher-project--b7e14e0a-grp",
                  "https://www.googleapis.com/compute/v1/projects/rancher-project-309022/zones/us-west1-c/instanceGroupManagers/gke-rancher-project--rancher-project--fe4a3b6a-grp",
                  "https://www.googleapis.com/compute/v1/projects/rancher-project-309022/zones/us-west1-a/instanceGroupManagers/gke-rancher-project--rancher-project--a4ad453e-grp"
                ],
                "management": [
                  {
                    "auto_repair": true,
                    "auto_upgrade": true
                  }
                ],
                "max_pods_per_node": 0,
                "name": "rancher-project-309022-gke-node-pool",
                "name_prefix": "",
                "node_config": [
                  {
                    "disk_size_gb": 100,
                    "disk_type": "pd-standard",
                    "guest_accelerator": [],
                    "image_type": "COS",
                    "labels": {
                      "env": "rancher-project-309022"
                    },
                    "local_ssd_count": 0,
                    "machine_type": "n1-standard-1",
                    "metadata": {
                      "disable-legacy-endpoints": "true"
                    },
                    "min_cpu_platform": "",
                    "oauth_scopes": [
                      "https://www.googleapis.com/auth/logging.write",
                      "https://www.googleapis.com/auth/monitoring"
                    ],
                    "preemptible": false,
                    "service_account": "default",
                    "shielded_instance_config": [
                      {
                        "enable_integrity_monitoring": true,
                        "enable_secure_boot": false
                      }
                    ],
                    "tags": [
                      "gke-node",
                      "rancher-project-309022-gke"
                    ],
                    "taint": [],
                    "workload_metadata_config": []
                  }
                ],
                "node_count": 1,
                "node_locations": [
                  "us-west1-a",
                  "us-west1-b",
                  "us-west1-c"
                ],
                "upgrade_settings": [
                  {
                    "max_surge": 1,
                    "max_unavailable": 0
                  }
                ],
                "version": "1.18.16-gke.502"
              }
            ],
            "node_version": "1.18.16-gke.502",
            "operation": null,
            "pod_security_policy_config": [],
            "private_cluster_config": [],
            "private_ipv6_google_access": "",
            "project": "rancher-project-309022",
            "release_channel": [
              {
                "channel": "REGULAR"
              }
            ],
            "remove_default_node_pool": true,
            "resource_labels": {},
            "resource_usage_export_config": [],
            "self_link": "https://container.googleapis.com/v1beta1/projects/rancher-project-309022/locations/us-west1/clusters/rancher-project-309022-gke",
            "services_ipv4_cidr": "10.135.240.0/20",
            "subnetwork": "projects/rancher-project-309022/regions/us-west1/subnetworks/rancher-project-309022-subnet",
            "timeouts": null,
            "tpu_ipv4_cidr_block": "",
            "vertical_pod_autoscaling": [],
            "workload_identity_config": []
          },
          "sensitive_attributes": [],
          "private": "eyJlMmJmYjczMC1lY2FhLTExZTYtOGY4OC0zNDM2M2JjN2M0YzAiOnsiY3JlYXRlIjoyNDAwMDAwMDAwMDAwLCJkZWxldGUiOjI0MDAwMDAwMDAwMDAsInJlYWQiOjI0MDAwMDAwMDAwMDAsInVwZGF0ZSI6MzYwMDAwMDAwMDAwMH0sInNjaGVtYV92ZXJzaW9uIjoiMSJ9",
          "dependencies": [
            "module.main-infra.google_compute_address.rancher_server_address",
            "module.main-infra.google_compute_firewall.rancher_fw_allowall",
            "module.main-infra.google_compute_network.vpc",
            "module.main-infra.google_compute_subnetwork.subnet",
            "module.main-infra.local_file.ssh_private_key_pem",
            "module.main-infra.local_file.ssh_public_key_openssh",
            "module.main-infra.tls_private_key.global_key"
          ]
        }
      ]
    },
    {
      "module": "module.gke_cluster",
      "mode": "managed",
      "type": "google_container_node_pool",
      "name": "primary_nodes",
      "provider": "provider[\"registry.terraform.io/hashicorp/google\"]",
      "instances": [
        {
          "schema_version": 1,
          "attributes": {
            "autoscaling": [],
            "cluster": "rancher-project-309022-gke",
            "id": "projects/rancher-project-309022/locations/us-west1/clusters/rancher-project-309022-gke/nodePools/rancher-project-309022-gke-node-pool",
            "initial_node_count": 1,
            "instance_group_urls": [
              "https://www.googleapis.com/compute/v1/projects/rancher-project-309022/zones/us-west1-b/instanceGroupManagers/gke-rancher-project--rancher-project--b7e14e0a-grp",
              "https://www.googleapis.com/compute/v1/projects/rancher-project-309022/zones/us-west1-c/instanceGroupManagers/gke-rancher-project--rancher-project--fe4a3b6a-grp",
              "https://www.googleapis.com/compute/v1/projects/rancher-project-309022/zones/us-west1-a/instanceGroupManagers/gke-rancher-project--rancher-project--a4ad453e-grp"
            ],
            "location": "us-west1",
            "management": [
              {
                "auto_repair": true,
                "auto_upgrade": true
              }
            ],
            "max_pods_per_node": null,
            "name": "rancher-project-309022-gke-node-pool",
            "name_prefix": "",
            "node_config": [
              {
                "disk_size_gb": 100,
                "disk_type": "pd-standard",
                "guest_accelerator": [],
                "image_type": "COS",
                "labels": {
                  "env": "rancher-project-309022"
                },
                "local_ssd_count": 0,
                "machine_type": "n1-standard-1",
                "metadata": {
                  "disable-legacy-endpoints": "true"
                },
                "min_cpu_platform": "",
                "oauth_scopes": [
                  "https://www.googleapis.com/auth/logging.write",
                  "https://www.googleapis.com/auth/monitoring"
                ],
                "preemptible": false,
                "service_account": "default",
                "shielded_instance_config": [
                  {
                    "enable_integrity_monitoring": true,
                    "enable_secure_boot": false
                  }
                ],
                "tags": [
                  "gke-node",
                  "rancher-project-309022-gke"
                ],
                "taint": [],
                "workload_metadata_config": []
              }
            ],
            "node_count": 1,
            "node_locations": [
              "us-west1-a",
              "us-west1-b",
              "us-west1-c"
            ],
            "operation": null,
            "project": "rancher-project-309022",
            "timeouts": null,
            "upgrade_settings": [
              {
                "max_surge": 1,
                "max_unavailable": 0
              }
            ],
            "version": "1.18.16-gke.502"
          },
          "sensitive_attributes": [],
          "private": "eyJlMmJmYjczMC1lY2FhLTExZTYtOGY4OC0zNDM2M2JjN2M0YzAiOnsiY3JlYXRlIjoxODAwMDAwMDAwMDAwLCJkZWxldGUiOjE4MDAwMDAwMDAwMDAsInVwZGF0ZSI6MTgwMDAwMDAwMDAwMH0sInNjaGVtYV92ZXJzaW9uIjoiMSJ9",
          "dependencies": [
            "module.gke_cluster.google_container_cluster.primary",
            "module.main-infra.google_compute_address.rancher_server_address",
            "module.main-infra.google_compute_firewall.rancher_fw_allowall",
            "module.main-infra.google_compute_network.vpc",
            "module.main-infra.google_compute_subnetwork.subnet",
            "module.main-infra.local_file.ssh_private_key_pem",
            "module.main-infra.local_file.ssh_public_key_openssh",
            "module.main-infra.tls_private_key.global_key"
          ]
        }
      ]
    },
    {
      "module": "module.main-infra",
      "mode": "managed",
      "type": "google_compute_address",
      "name": "rancher_server_address",
      "provider": "provider[\"registry.terraform.io/hashicorp/google\"]",
      "instances": [
        {
          "schema_version": 0,
          "attributes": {
            "address": "35.233.237.231",
            "address_type": "EXTERNAL",
            "creation_timestamp": "2021-04-18T14:47:12.976-07:00",
            "description": "",
            "id": "projects/rancher-project-309022/regions/us-west1/addresses/rancher-server-ipv4-address",
            "name": "rancher-server-ipv4-address",
            "network_tier": "PREMIUM",
            "project": "rancher-project-309022",
            "purpose": "",
            "region": "us-west1",
            "self_link": "https://www.googleapis.com/compute/v1/projects/rancher-project-309022/regions/us-west1/addresses/rancher-server-ipv4-address",
            "subnetwork": "",
            "timeouts": null,
            "users": []
          },
          "sensitive_attributes": [],
          "private": "eyJlMmJmYjczMC1lY2FhLTExZTYtOGY4OC0zNDM2M2JjN2M0YzAiOnsiY3JlYXRlIjoyNDAwMDAwMDAwMDAsImRlbGV0ZSI6MjQwMDAwMDAwMDAwfX0="
        }
      ]
    },
    {
      "module": "module.main-infra",
      "mode": "managed",
      "type": "google_compute_firewall",
      "name": "rancher_fw_allowall",
      "provider": "provider[\"registry.terraform.io/hashicorp/google\"]",
      "instances": [
        {
          "schema_version": 1,
          "attributes": {
            "allow": [
              {
                "ports": [],
                "protocol": "all"
              }
            ],
            "creation_timestamp": "2021-04-18T14:47:12.872-07:00",
            "deny": [],
            "description": "",
            "destination_ranges": [],
            "direction": "INGRESS",
            "disabled": false,
            "enable_logging": null,
            "id": "projects/rancher-project-309022/global/firewalls/rancher-fw-allowall",
            "log_config": [],
            "name": "rancher-fw-allowall",
            "network": "https://www.googleapis.com/compute/v1/projects/rancher-project-309022/global/networks/default",
            "priority": 1000,
            "project": "rancher-project-309022",
            "self_link": "https://www.googleapis.com/compute/v1/projects/rancher-project-309022/global/firewalls/rancher-fw-allowall",
            "source_ranges": [
              "0.0.0.0/0"
            ],
            "source_service_accounts": [],
            "source_tags": [],
            "target_service_accounts": [],
            "target_tags": [],
            "timeouts": null
          },
          "sensitive_attributes": [],
          "private": "eyJlMmJmYjczMC1lY2FhLTExZTYtOGY4OC0zNDM2M2JjN2M0YzAiOnsiY3JlYXRlIjoyNDAwMDAwMDAwMDAsImRlbGV0ZSI6MjQwMDAwMDAwMDAwLCJ1cGRhdGUiOjI0MDAwMDAwMDAwMH0sInNjaGVtYV92ZXJzaW9uIjoiMSJ9"
        }
      ]
    },
    {
      "module": "module.main-infra",
      "mode": "managed",
      "type": "google_compute_network",
      "name": "vpc",
      "provider": "provider[\"registry.terraform.io/hashicorp/google\"]",
      "instances": [
        {
          "schema_version": 0,
          "attributes": {
            "auto_create_subnetworks": false,
            "delete_default_routes_on_create": false,
            "description": "",
            "gateway_ipv4": "",
            "id": "projects/rancher-project-309022/global/networks/rancher-project-309022-vpc",
            "mtu": 0,
            "name": "rancher-project-309022-vpc",
            "project": "rancher-project-309022",
            "routing_mode": "REGIONAL",
            "self_link": "https://www.googleapis.com/compute/v1/projects/rancher-project-309022/global/networks/rancher-project-309022-vpc",
            "timeouts": null
          },
          "sensitive_attributes": [],
          "private": "eyJlMmJmYjczMC1lY2FhLTExZTYtOGY4OC0zNDM2M2JjN2M0YzAiOnsiY3JlYXRlIjoyNDAwMDAwMDAwMDAsImRlbGV0ZSI6MjQwMDAwMDAwMDAwLCJ1cGRhdGUiOjI0MDAwMDAwMDAwMH19"
        }
      ]
    },
    {
      "module": "module.main-infra",
      "mode": "managed",
      "type": "google_compute_subnetwork",
      "name": "subnet",
      "provider": "provider[\"registry.terraform.io/hashicorp/google\"]",
      "instances": [
        {
          "schema_version": 0,
          "attributes": {
            "creation_timestamp": "2021-04-18T14:47:25.682-07:00",
            "description": "",
            "fingerprint": null,
            "gateway_address": "10.0.0.1",
            "id": "projects/rancher-project-309022/regions/us-west1/subnetworks/rancher-project-309022-subnet",
            "ip_cidr_range": "10.0.0.0/24",
            "log_config": [],
            "name": "rancher-project-309022-subnet",
            "network": "https://www.googleapis.com/compute/v1/projects/rancher-project-309022/global/networks/rancher-project-309022-vpc",
            "private_ip_google_access": false,
            "private_ipv6_google_access": "DISABLE_GOOGLE_ACCESS",
            "project": "rancher-project-309022",
            "region": "us-west1",
            "secondary_ip_range": [],
            "self_link": "https://www.googleapis.com/compute/v1/projects/rancher-project-309022/regions/us-west1/subnetworks/rancher-project-309022-subnet",
            "timeouts": null
          },
          "sensitive_attributes": [],
          "private": "eyJlMmJmYjczMC1lY2FhLTExZTYtOGY4OC0zNDM2M2JjN2M0YzAiOnsiY3JlYXRlIjozNjAwMDAwMDAwMDAsImRlbGV0ZSI6MzYwMDAwMDAwMDAwLCJ1cGRhdGUiOjM2MDAwMDAwMDAwMH19",
          "dependencies": [
            "module.main-infra.google_compute_network.vpc"
          ]
        }
      ]
    },
    {
      "module": "module.main-infra",
      "mode": "managed",
      "type": "local_file",
      "name": "ssh_private_key_pem",
      "provider": "provider[\"registry.terraform.io/hashicorp/local\"]",
      "instances": [
        {
          "schema_version": 0,
          "attributes": {
            "content": null,
            "content_base64": null,
            "directory_permission": "0777",
            "file_permission": "0600",
            "filename": "../keys/rancher_master_key",
            "id": "dd68e2d73cc6bb11e8e0f13e8fab583a95cf89d8",
            "sensitive_content": "-----BEGIN RSA PRIVATE KEY-----\nMIIEpAIBAAKCAQEAwKHYbhvqefRgswisbxvjMGMzzndQCoenf+kElXdrazTK1FaR\nz85xTNzq7uMk7kIp5QqWviZCFWj7IQ4gEgt/ckuTXkFFwZRXxROcSUKOVxwVGOku\nRn6qzPKxcpfqQeNQGNpUEu0is2T9FTjwBM7xKS4JOiAohnQ9IAQIPkGwTByMgZkY\nPE1coQ2OZnRso/gaSlDTPVsH8Gz+wdyMKrJ9DeUTsnZrBdL+u/tsjn7qC7KpHOEw\n2rF9ZpGlcuGDZuB8rC5iHNJJMYogd6S1t8Mbt7l3R0hrFqY9ayXIFM0SxjpjhbxE\n4bmfp2E/OhQjyZJ07paKmalQHCPFwnZVniSamwIDAQABAoIBAQC/+gwaYFPkSrp8\ncu52pRJcTOF6qMnqVJuIDJB27VbutuRVjhkvQw0Djz/L6DAMC4B5NX5Z7wL5F3D/\n1nX7xd2z6MHrs51zeQWn8Q1Wra/x/JjCBNILi31pV42lKOVb2NEgk6YqXo6wvrrD\nBcWe5SbO5YRom1gH95xbZelZMloi3qycxtFt8yw9vUc40AT2PfGJVk/uW1nNV9qe\n3Rs6sB4YC4b38uGiEBh4LlYRAt7e7FdR5J0SRzmve1QRzrCMrAa2g2ReUG6KA2sS\n/zrlfC66f6PPBmIIlG2E7hZVWKN+hSy1MB9Im3SEKqRuujKQ/omrOoIXD9j/TxWe\nm+e1yVehAoGBAMvF2hI1hB/h4uPBv1MZGjehM1lPr0Ji6QUBct5i9SPwhvtdiOiu\n8KLhbDo5jLctSiIPzYqsCodjo19fZBnquUA3aAoLSjG9yf9dv2auWtpSna6XS3uG\n8jtEuZzArxmWSeEuKe9jVlGL1AO7enNXRF8YFfwDqdQxRnQ165tdT0njAoGBAPIB\nBasVJxfyV4aVWIl/sUo1oXsiC+jDWwJDE0K/IIhYKXWsZYLSW7SNM05l7/8Ts4fZ\niQT//DH2NjrsrwAhbfxstT5bh3YNV10pkJetr6MVJBGQhXTkXPaRBQCZoUg3UDwg\nUZbgW4Y8mrybMdscHDvxyAlAzaqoPXX+c/w2VynpAoGAA/ulDJAROhJPPgZud/BY\nq9exykAde921Ekz58tDaW856xPUKFQo+V+CyHd08G+R9u3a1nM1KE2VmLxoNOdh1\nsISkuvWHiLtd9GjfseEck4Hj5SK97fcwSupH+oFlqslePlGJrk0xxbxG85+5gAGn\nq3gsDdYAfs5Lwz++kDXds+MCgYArQ0uEHi/y8/v5r1E4o39KSPQpUxjV77ahXORg\nllJ2jWw8ASnUjU6fpG57oXWaICeELbt1DV5EgEOJnS5b054Z9kUgdLRuwkvP99JF\ni2NOwETGbxOspfaIjbxbMxvGET1iwlRTqKA0CzmOZiAvj4LspHiiTtd1nsX+BhMu\nD3jdoQKBgQChi/6B6wAgkHKksIQ7+xFaTJTZ+B8AawmFNXizoneumZvgSxN7Ma7a\nGexz68KPwXoCM1r+dHPgQ2zYtaMLbOIT2Wc+bKMSOysFHb9sg/dfPZD3NAKjMsVb\nfaJC7IC2q3caiJ9YMCSuOyNkyZAje7jMMEoetLaeg9dKrj3WfZGgqQ==\n-----END RSA PRIVATE KEY-----\n",
            "source": null
          },
          "sensitive_attributes": [],
          "private": "bnVsbA==",
          "dependencies": [
            "module.main-infra.tls_private_key.global_key"
          ]
        }
      ]
    },
    {
      "module": "module.main-infra",
      "mode": "managed",
      "type": "local_file",
      "name": "ssh_public_key_openssh",
      "provider": "provider[\"registry.terraform.io/hashicorp/local\"]",
      "instances": [
        {
          "schema_version": 0,
          "attributes": {
            "content": "ssh-rsa AAAAB3NzaC1yc2EAAAADAQABAAABAQDAodhuG+p59GCzCKxvG+MwYzPOd1AKh6d/6QSVd2trNMrUVpHPznFM3Oru4yTuQinlCpa+JkIVaPshDiASC39yS5NeQUXBlFfFE5xJQo5XHBUY6S5GfqrM8rFyl+pB41AY2lQS7SKzZP0VOPAEzvEpLgk6ICiGdD0gBAg+QbBMHIyBmRg8TVyhDY5mdGyj+BpKUNM9WwfwbP7B3Iwqsn0N5ROydmsF0v67+2yOfuoLsqkc4TDasX1mkaVy4YNm4HysLmIc0kkxiiB3pLW3wxu3uXdHSGsWpj1rJcgUzRLGOmOFvEThuZ+nYT86FCPJknTuloqZqVAcI8XCdlWeJJqb\n",
            "content_base64": null,
            "directory_permission": "0777",
            "file_permission": "0777",
            "filename": "../keys/rancher_master_key.pub",
            "id": "92a3775a31b4bc1b96fbed2dbd33bf491a456513",
            "sensitive_content": null,
            "source": null
          },
          "sensitive_attributes": [],
          "private": "bnVsbA==",
          "dependencies": [
            "module.main-infra.tls_private_key.global_key"
          ]
        }
      ]
    },
    {
      "module": "module.main-infra",
      "mode": "managed",
      "type": "tls_private_key",
      "name": "global_key",
      "provider": "provider[\"registry.terraform.io/hashicorp/tls\"]",
      "instances": [
        {
          "schema_version": 0,
          "attributes": {
            "algorithm": "RSA",
            "ecdsa_curve": "P224",
            "id": "f24b0086548ae9b2db570a6be07dd71ee6a2250a",
            "private_key_pem": "-----BEGIN RSA PRIVATE KEY-----\nMIIEpAIBAAKCAQEAwKHYbhvqefRgswisbxvjMGMzzndQCoenf+kElXdrazTK1FaR\nz85xTNzq7uMk7kIp5QqWviZCFWj7IQ4gEgt/ckuTXkFFwZRXxROcSUKOVxwVGOku\nRn6qzPKxcpfqQeNQGNpUEu0is2T9FTjwBM7xKS4JOiAohnQ9IAQIPkGwTByMgZkY\nPE1coQ2OZnRso/gaSlDTPVsH8Gz+wdyMKrJ9DeUTsnZrBdL+u/tsjn7qC7KpHOEw\n2rF9ZpGlcuGDZuB8rC5iHNJJMYogd6S1t8Mbt7l3R0hrFqY9ayXIFM0SxjpjhbxE\n4bmfp2E/OhQjyZJ07paKmalQHCPFwnZVniSamwIDAQABAoIBAQC/+gwaYFPkSrp8\ncu52pRJcTOF6qMnqVJuIDJB27VbutuRVjhkvQw0Djz/L6DAMC4B5NX5Z7wL5F3D/\n1nX7xd2z6MHrs51zeQWn8Q1Wra/x/JjCBNILi31pV42lKOVb2NEgk6YqXo6wvrrD\nBcWe5SbO5YRom1gH95xbZelZMloi3qycxtFt8yw9vUc40AT2PfGJVk/uW1nNV9qe\n3Rs6sB4YC4b38uGiEBh4LlYRAt7e7FdR5J0SRzmve1QRzrCMrAa2g2ReUG6KA2sS\n/zrlfC66f6PPBmIIlG2E7hZVWKN+hSy1MB9Im3SEKqRuujKQ/omrOoIXD9j/TxWe\nm+e1yVehAoGBAMvF2hI1hB/h4uPBv1MZGjehM1lPr0Ji6QUBct5i9SPwhvtdiOiu\n8KLhbDo5jLctSiIPzYqsCodjo19fZBnquUA3aAoLSjG9yf9dv2auWtpSna6XS3uG\n8jtEuZzArxmWSeEuKe9jVlGL1AO7enNXRF8YFfwDqdQxRnQ165tdT0njAoGBAPIB\nBasVJxfyV4aVWIl/sUo1oXsiC+jDWwJDE0K/IIhYKXWsZYLSW7SNM05l7/8Ts4fZ\niQT//DH2NjrsrwAhbfxstT5bh3YNV10pkJetr6MVJBGQhXTkXPaRBQCZoUg3UDwg\nUZbgW4Y8mrybMdscHDvxyAlAzaqoPXX+c/w2VynpAoGAA/ulDJAROhJPPgZud/BY\nq9exykAde921Ekz58tDaW856xPUKFQo+V+CyHd08G+R9u3a1nM1KE2VmLxoNOdh1\nsISkuvWHiLtd9GjfseEck4Hj5SK97fcwSupH+oFlqslePlGJrk0xxbxG85+5gAGn\nq3gsDdYAfs5Lwz++kDXds+MCgYArQ0uEHi/y8/v5r1E4o39KSPQpUxjV77ahXORg\nllJ2jWw8ASnUjU6fpG57oXWaICeELbt1DV5EgEOJnS5b054Z9kUgdLRuwkvP99JF\ni2NOwETGbxOspfaIjbxbMxvGET1iwlRTqKA0CzmOZiAvj4LspHiiTtd1nsX+BhMu\nD3jdoQKBgQChi/6B6wAgkHKksIQ7+xFaTJTZ+B8AawmFNXizoneumZvgSxN7Ma7a\nGexz68KPwXoCM1r+dHPgQ2zYtaMLbOIT2Wc+bKMSOysFHb9sg/dfPZD3NAKjMsVb\nfaJC7IC2q3caiJ9YMCSuOyNkyZAje7jMMEoetLaeg9dKrj3WfZGgqQ==\n-----END RSA PRIVATE KEY-----\n",
            "public_key_fingerprint_md5": "46:0e:cd:62:5f:31:33:52:79:cd:7b:a2:f4:82:89:f2",
            "public_key_openssh": "ssh-rsa AAAAB3NzaC1yc2EAAAADAQABAAABAQDAodhuG+p59GCzCKxvG+MwYzPOd1AKh6d/6QSVd2trNMrUVpHPznFM3Oru4yTuQinlCpa+JkIVaPshDiASC39yS5NeQUXBlFfFE5xJQo5XHBUY6S5GfqrM8rFyl+pB41AY2lQS7SKzZP0VOPAEzvEpLgk6ICiGdD0gBAg+QbBMHIyBmRg8TVyhDY5mdGyj+BpKUNM9WwfwbP7B3Iwqsn0N5ROydmsF0v67+2yOfuoLsqkc4TDasX1mkaVy4YNm4HysLmIc0kkxiiB3pLW3wxu3uXdHSGsWpj1rJcgUzRLGOmOFvEThuZ+nYT86FCPJknTuloqZqVAcI8XCdlWeJJqb\n",
            "public_key_pem": "-----BEGIN PUBLIC KEY-----\nMIIBIjANBgkqhkiG9w0BAQEFAAOCAQ8AMIIBCgKCAQEAwKHYbhvqefRgswisbxvj\nMGMzzndQCoenf+kElXdrazTK1FaRz85xTNzq7uMk7kIp5QqWviZCFWj7IQ4gEgt/\nckuTXkFFwZRXxROcSUKOVxwVGOkuRn6qzPKxcpfqQeNQGNpUEu0is2T9FTjwBM7x\nKS4JOiAohnQ9IAQIPkGwTByMgZkYPE1coQ2OZnRso/gaSlDTPVsH8Gz+wdyMKrJ9\nDeUTsnZrBdL+u/tsjn7qC7KpHOEw2rF9ZpGlcuGDZuB8rC5iHNJJMYogd6S1t8Mb\nt7l3R0hrFqY9ayXIFM0SxjpjhbxE4bmfp2E/OhQjyZJ07paKmalQHCPFwnZVniSa\nmwIDAQAB\n-----END PUBLIC KEY-----\n",
            "rsa_bits": 2048
          },
          "sensitive_attributes": [],
          "private": "bnVsbA=="
        }
      ]
    }
  ]
}
